
Microsoft Visual Studio Solution File, Format Version 12.00
# Visual Studio Version 16
VisualStudioVersion = 16.0.30011.22
MinimumVisualStudioVersion = 10.0.40219.1
Project("{FAE04EC0-301F-11D3-BF4B-00C04F79EFBC}") = "SimplyFashion 1", "DressMaker\SimplyFashion 1.csproj", "{A9E3FCB3-0A3D-4ECA-9CE9-87CBE16C4463}"
EndProject
Global
	GlobalSection(SolutionConfigurationPlatforms) = preSolution
		Debug|Any CPU = Debug|Any CPU
		Release|Any CPU = Release|Any CPU
	EndGlobalSection
	GlobalSection(ProjectConfigurationPlatforms) = postSolution
		{A9E3FCB3-0A3D-4ECA-9CE9-87CBE16C4463}.Debug|Any CPU.ActiveCfg = Debug|Any CPU
		{A9E3FCB3-0A3D-4ECA-9CE9-87CBE16C4463}.Debug|Any CPU.Build.0 = Debug|Any CPU
		{A9E3FCB3-0A3D-4ECA-9CE9-87CBE16C4463}.Release|Any CPU.ActiveCfg = Release|Any CPU
		{A9E3FCB3-0A3D-4ECA-9CE9-87CBE16C4463}.Release|Any CPU.Build.0 = Release|Any CPU
	EndGlobalSection
	GlobalSection(SolutionProperties) = preSolution
		HideSolutionNode = FALSE
	EndGlobalSection
	GlobalSection(ExtensibilityGlobals) = postSolution
		SolutionGuid = {FE543AF3-863D-4EF6-8E26-84887EADFC4F}
	EndGlobalSection
EndGlobal
