
Microsoft Visual Studio Solution File, Format Version 12.00
# Visual Studio Version 16
VisualStudioVersion = 16.0.30011.22
MinimumVisualStudioVersion = 10.0.40219.1
Project("{FAE04EC0-301F-11D3-BF4B-00C04F79EFBC}") = "SimplyFashionAdmin", "DressMaker\SimplyFashionAdmin.csproj", "{A9E3FCB3-0A3D-4ECA-9CE9-87CBE16C4463}"
EndProject
Project("{FAE04EC0-301F-11D3-BF4B-00C04F79EFBC}") = "SimplyFashionApi", "SimplyFashionApi\SimplyFashionApi.csproj", "{9E8D0ECA-4274-4BB6-8C8D-AF2CD879E71A}"
EndProject
Project("{FAE04EC0-301F-11D3-BF4B-00C04F79EFBC}") = "SimplyFashionCustomer", "SimplyFashionCustomer\SimplyFashionCustomer.csproj", "{CBE60576-926B-4633-BA3D-4D5713E4B693}"
EndProject
Global
	GlobalSection(SolutionConfigurationPlatforms) = preSolution
		Debug|Any CPU = Debug|Any CPU
		Debug|ARM = Debug|ARM
		Debug|ARM64 = Debug|ARM64
		Debug|x64 = Debug|x64
		Debug|x86 = Debug|x86
		Release|Any CPU = Release|Any CPU
		Release|ARM = Release|ARM
		Release|ARM64 = Release|ARM64
		Release|x64 = Release|x64
		Release|x86 = Release|x86
	EndGlobalSection
	GlobalSection(ProjectConfigurationPlatforms) = postSolution
		{A9E3FCB3-0A3D-4ECA-9CE9-87CBE16C4463}.Debug|Any CPU.ActiveCfg = Debug|Any CPU
		{A9E3FCB3-0A3D-4ECA-9CE9-87CBE16C4463}.Debug|Any CPU.Build.0 = Debug|Any CPU
		{A9E3FCB3-0A3D-4ECA-9CE9-87CBE16C4463}.Debug|ARM.ActiveCfg = Debug|Any CPU
		{A9E3FCB3-0A3D-4ECA-9CE9-87CBE16C4463}.Debug|ARM.Build.0 = Debug|Any CPU
		{A9E3FCB3-0A3D-4ECA-9CE9-87CBE16C4463}.Debug|ARM64.ActiveCfg = Debug|Any CPU
		{A9E3FCB3-0A3D-4ECA-9CE9-87CBE16C4463}.Debug|ARM64.Build.0 = Debug|Any CPU
		{A9E3FCB3-0A3D-4ECA-9CE9-87CBE16C4463}.Debug|x64.ActiveCfg = Debug|Any CPU
		{A9E3FCB3-0A3D-4ECA-9CE9-87CBE16C4463}.Debug|x64.Build.0 = Debug|Any CPU
		{A9E3FCB3-0A3D-4ECA-9CE9-87CBE16C4463}.Debug|x86.ActiveCfg = Debug|Any CPU
		{A9E3FCB3-0A3D-4ECA-9CE9-87CBE16C4463}.Debug|x86.Build.0 = Debug|Any CPU
		{A9E3FCB3-0A3D-4ECA-9CE9-87CBE16C4463}.Release|Any CPU.ActiveCfg = Release|Any CPU
		{A9E3FCB3-0A3D-4ECA-9CE9-87CBE16C4463}.Release|Any CPU.Build.0 = Release|Any CPU
		{A9E3FCB3-0A3D-4ECA-9CE9-87CBE16C4463}.Release|ARM.ActiveCfg = Release|Any CPU
		{A9E3FCB3-0A3D-4ECA-9CE9-87CBE16C4463}.Release|ARM.Build.0 = Release|Any CPU
		{A9E3FCB3-0A3D-4ECA-9CE9-87CBE16C4463}.Release|ARM64.ActiveCfg = Release|Any CPU
		{A9E3FCB3-0A3D-4ECA-9CE9-87CBE16C4463}.Release|ARM64.Build.0 = Release|Any CPU
		{A9E3FCB3-0A3D-4ECA-9CE9-87CBE16C4463}.Release|x64.ActiveCfg = Release|Any CPU
		{A9E3FCB3-0A3D-4ECA-9CE9-87CBE16C4463}.Release|x64.Build.0 = Release|Any CPU
		{A9E3FCB3-0A3D-4ECA-9CE9-87CBE16C4463}.Release|x86.ActiveCfg = Release|Any CPU
		{A9E3FCB3-0A3D-4ECA-9CE9-87CBE16C4463}.Release|x86.Build.0 = Release|Any CPU
		{9E8D0ECA-4274-4BB6-8C8D-AF2CD879E71A}.Debug|Any CPU.ActiveCfg = Debug|Any CPU
		{9E8D0ECA-4274-4BB6-8C8D-AF2CD879E71A}.Debug|Any CPU.Build.0 = Debug|Any CPU
		{9E8D0ECA-4274-4BB6-8C8D-AF2CD879E71A}.Debug|ARM.ActiveCfg = Debug|Any CPU
		{9E8D0ECA-4274-4BB6-8C8D-AF2CD879E71A}.Debug|ARM.Build.0 = Debug|Any CPU
		{9E8D0ECA-4274-4BB6-8C8D-AF2CD879E71A}.Debug|ARM64.ActiveCfg = Debug|Any CPU
		{9E8D0ECA-4274-4BB6-8C8D-AF2CD879E71A}.Debug|ARM64.Build.0 = Debug|Any CPU
		{9E8D0ECA-4274-4BB6-8C8D-AF2CD879E71A}.Debug|x64.ActiveCfg = Debug|Any CPU
		{9E8D0ECA-4274-4BB6-8C8D-AF2CD879E71A}.Debug|x64.Build.0 = Debug|Any CPU
		{9E8D0ECA-4274-4BB6-8C8D-AF2CD879E71A}.Debug|x86.ActiveCfg = Debug|Any CPU
		{9E8D0ECA-4274-4BB6-8C8D-AF2CD879E71A}.Debug|x86.Build.0 = Debug|Any CPU
		{9E8D0ECA-4274-4BB6-8C8D-AF2CD879E71A}.Release|Any CPU.ActiveCfg = Release|Any CPU
		{9E8D0ECA-4274-4BB6-8C8D-AF2CD879E71A}.Release|Any CPU.Build.0 = Release|Any CPU
		{9E8D0ECA-4274-4BB6-8C8D-AF2CD879E71A}.Release|ARM.ActiveCfg = Release|Any CPU
		{9E8D0ECA-4274-4BB6-8C8D-AF2CD879E71A}.Release|ARM.Build.0 = Release|Any CPU
		{9E8D0ECA-4274-4BB6-8C8D-AF2CD879E71A}.Release|ARM64.ActiveCfg = Release|Any CPU
		{9E8D0ECA-4274-4BB6-8C8D-AF2CD879E71A}.Release|ARM64.Build.0 = Release|Any CPU
		{9E8D0ECA-4274-4BB6-8C8D-AF2CD879E71A}.Release|x64.ActiveCfg = Release|Any CPU
		{9E8D0ECA-4274-4BB6-8C8D-AF2CD879E71A}.Release|x64.Build.0 = Release|Any CPU
		{9E8D0ECA-4274-4BB6-8C8D-AF2CD879E71A}.Release|x86.ActiveCfg = Release|Any CPU
		{9E8D0ECA-4274-4BB6-8C8D-AF2CD879E71A}.Release|x86.Build.0 = Release|Any CPU
		{CBE60576-926B-4633-BA3D-4D5713E4B693}.Debug|Any CPU.ActiveCfg = Debug|x86
		{CBE60576-926B-4633-BA3D-4D5713E4B693}.Debug|ARM.ActiveCfg = Debug|ARM
		{CBE60576-926B-4633-BA3D-4D5713E4B693}.Debug|ARM.Build.0 = Debug|ARM
		{CBE60576-926B-4633-BA3D-4D5713E4B693}.Debug|ARM.Deploy.0 = Debug|ARM
		{CBE60576-926B-4633-BA3D-4D5713E4B693}.Debug|ARM64.ActiveCfg = Debug|ARM64
		{CBE60576-926B-4633-BA3D-4D5713E4B693}.Debug|ARM64.Build.0 = Debug|ARM64
		{CBE60576-926B-4633-BA3D-4D5713E4B693}.Debug|ARM64.Deploy.0 = Debug|ARM64
		{CBE60576-926B-4633-BA3D-4D5713E4B693}.Debug|x64.ActiveCfg = Debug|x64
		{CBE60576-926B-4633-BA3D-4D5713E4B693}.Debug|x64.Build.0 = Debug|x64
		{CBE60576-926B-4633-BA3D-4D5713E4B693}.Debug|x64.Deploy.0 = Debug|x64
		{CBE60576-926B-4633-BA3D-4D5713E4B693}.Debug|x86.ActiveCfg = Debug|x86
		{CBE60576-926B-4633-BA3D-4D5713E4B693}.Debug|x86.Build.0 = Debug|x86
		{CBE60576-926B-4633-BA3D-4D5713E4B693}.Debug|x86.Deploy.0 = Debug|x86
		{CBE60576-926B-4633-BA3D-4D5713E4B693}.Release|Any CPU.ActiveCfg = Release|x86
		{CBE60576-926B-4633-BA3D-4D5713E4B693}.Release|ARM.ActiveCfg = Release|ARM
		{CBE60576-926B-4633-BA3D-4D5713E4B693}.Release|ARM.Build.0 = Release|ARM
		{CBE60576-926B-4633-BA3D-4D5713E4B693}.Release|ARM.Deploy.0 = Release|ARM
		{CBE60576-926B-4633-BA3D-4D5713E4B693}.Release|ARM64.ActiveCfg = Release|ARM64
		{CBE60576-926B-4633-BA3D-4D5713E4B693}.Release|ARM64.Build.0 = Release|ARM64
		{CBE60576-926B-4633-BA3D-4D5713E4B693}.Release|ARM64.Deploy.0 = Release|ARM64
		{CBE60576-926B-4633-BA3D-4D5713E4B693}.Release|x64.ActiveCfg = Release|x64
		{CBE60576-926B-4633-BA3D-4D5713E4B693}.Release|x64.Build.0 = Release|x64
		{CBE60576-926B-4633-BA3D-4D5713E4B693}.Release|x64.Deploy.0 = Release|x64
		{CBE60576-926B-4633-BA3D-4D5713E4B693}.Release|x86.ActiveCfg = Release|x86
		{CBE60576-926B-4633-BA3D-4D5713E4B693}.Release|x86.Build.0 = Release|x86
		{CBE60576-926B-4633-BA3D-4D5713E4B693}.Release|x86.Deploy.0 = Release|x86
	EndGlobalSection
	GlobalSection(SolutionProperties) = preSolution
		HideSolutionNode = FALSE
	EndGlobalSection
	GlobalSection(ExtensibilityGlobals) = postSolution
		SolutionGuid = {FE543AF3-863D-4EF6-8E26-84887EADFC4F}
	EndGlobalSection
EndGlobal
